
Microsoft Visual Studio Solution File, Format Version 12.00
# Visual Studio 15
VisualStudioVersion = 15.0.28307.271
MinimumVisualStudioVersion = 10.0.40219.1
Project("{8BC9CEB8-8B4A-11D0-8D11-00A0C91BC942}") = "ImageProcessing", "ImageProcessing\ImageProcessing.vcxproj", "{256C7CFA-1443-434F-B433-DBF5742CBF20}"
EndProject
Global
	GlobalSection(SolutionConfigurationPlatforms) = preSolution
		Debug|x64 = Debug|x64
		Debug|x86 = Debug|x86
		Release|x64 = Release|x64
		Release|x86 = Release|x86
	EndGlobalSection
	GlobalSection(ProjectConfigurationPlatforms) = postSolution
		{256C7CFA-1443-434F-B433-DBF5742CBF20}.Debug|x64.ActiveCfg = Debug|x64
		{256C7CFA-1443-434F-B433-DBF5742CBF20}.Debug|x64.Build.0 = Debug|x64
		{256C7CFA-1443-434F-B433-DBF5742CBF20}.Debug|x86.ActiveCfg = Debug|Win32
		{256C7CFA-1443-434F-B433-DBF5742CBF20}.Debug|x86.Build.0 = Debug|Win32
		{256C7CFA-1443-434F-B433-DBF5742CBF20}.Release|x64.ActiveCfg = Release|x64
		{256C7CFA-1443-434F-B433-DBF5742CBF20}.Release|x64.Build.0 = Release|x64
		{256C7CFA-1443-434F-B433-DBF5742CBF20}.Release|x86.ActiveCfg = Release|Win32
		{256C7CFA-1443-434F-B433-DBF5742CBF20}.Release|x86.Build.0 = Release|Win32
	EndGlobalSection
	GlobalSection(SolutionProperties) = preSolution
		HideSolutionNode = FALSE
	EndGlobalSection
	GlobalSection(ExtensibilityGlobals) = postSolution
		SolutionGuid = {DF7D2C7A-5222-4C1D-B786-50F1D7AC126F}
	EndGlobalSection
EndGlobal
